// !$*UTF8*$!
{
	archiveVersion = 1;
	classes = {
	};
	objectVersion = 46;
	objects = {

/* Begin PBXBuildFile section */
		F89441C31A80772C00C8080B /* main.m in Sources */ = {isa = PBXBuildFile; fileRef = F89441C21A80772C00C8080B /* main.m */; };
		F89441C61A80772C00C8080B /* AppDelegate.m in Sources */ = {isa = PBXBuildFile; fileRef = F89441C51A80772C00C8080B /* AppDelegate.m */; };
		F89441C91A80772C00C8080B /* ViewController.m in Sources */ = {isa = PBXBuildFile; fileRef = F89441C81A80772C00C8080B /* ViewController.m */; };
		F89441CC1A80772C00C8080B /* Main.storyboard in Resources */ = {isa = PBXBuildFile; fileRef = F89441CA1A80772C00C8080B /* Main.storyboard */; };
		F89441CE1A80772C00C8080B /* Images.xcassets in Resources */ = {isa = PBXBuildFile; fileRef = F89441CD1A80772C00C8080B /* Images.xcassets */; };
		F89441D11A80772C00C8080B /* LaunchScreen.xib in Resources */ = {isa = PBXBuildFile; fileRef = F89441CF1A80772C00C8080B /* LaunchScreen.xib */; };
		F89441DD1A80772C00C8080B /* SocialPeopleTests.m in Sources */ = {isa = PBXBuildFile; fileRef = F89441DC1A80772C00C8080B /* SocialPeopleTests.m */; };
/* End PBXBuildFile section */

/* Begin PBXContainerItemProxy section */
		F89441D71A80772C00C8080B /* PBXContainerItemProxy */ = {
			isa = PBXContainerItemProxy;
			containerPortal = F89441B51A80772C00C8080B /* Project object */;
			proxyType = 1;
			remoteGlobalIDString = F89441BC1A80772C00C8080B;
			remoteInfo = SocialPeople;
		};
/* End PBXContainerItemProxy section */

/* Begin PBXFileReference section */
		F89441BD1A80772C00C8080B /* SocialPeople.app */ = {isa = PBXFileReference; explicitFileType = wrapper.application; includeInIndex = 0; path = SocialPeople.app; sourceTree = BUILT_PRODUCTS_DIR; };
		F89441C11A80772C00C8080B /* Info.plist */ = {isa = PBXFileReference; lastKnownFileType = text.plist.xml; path = Info.plist; sourceTree = "<group>"; };
		F89441C21A80772C00C8080B /* main.m */ = {isa = PBXFileReference; lastKnownFileType = sourcecode.c.objc; path = main.m; sourceTree = "<group>"; };
		F89441C41A80772C00C8080B /* AppDelegate.h */ = {isa = PBXFileReference; lastKnownFileType = sourcecode.c.h; path = AppDelegate.h; sourceTree = "<group>"; };
		F89441C51A80772C00C8080B /* AppDelegate.m */ = {isa = PBXFileReference; lastKnownFileType = sourcecode.c.objc; path = AppDelegate.m; sourceTree = "<group>"; };
		F89441C71A80772C00C8080B /* ViewController.h */ = {isa = PBXFileReference; lastKnownFileType = sourcecode.c.h; path = ViewController.h; sourceTree = "<group>"; };
		F89441C81A80772C00C8080B /* ViewController.m */ = {isa = PBXFileReference; lastKnownFileType = sourcecode.c.objc; path = ViewController.m; sourceTree = "<group>"; };
		F89441CB1A80772C00C8080B /* Base */ = {isa = PBXFileReference; lastKnownFileType = file.storyboard; name = Base; path = Base.lproj/Main.storyboard; sourceTree = "<group>"; };
		F89441CD1A80772C00C8080B /* Images.xcassets */ = {isa = PBXFileReference; lastKnownFileType = folder.assetcatalog; path = Images.xcassets; sourceTree = "<group>"; };
		F89441D01A80772C00C8080B /* Base */ = {isa = PBXFileReference; lastKnownFileType = file.xib; name = Base; path = Base.lproj/LaunchScreen.xib; sourceTree = "<group>"; };
		F89441D61A80772C00C8080B /* SocialPeopleTests.xctest */ = {isa = PBXFileReference; explicitFileType = wrapper.cfbundle; includeInIndex = 0; path = SocialPeopleTests.xctest; sourceTree = BUILT_PRODUCTS_DIR; };
		F89441DB1A80772C00C8080B /* Info.plist */ = {isa = PBXFileReference; lastKnownFileType = text.plist.xml; path = Info.plist; sourceTree = "<group>"; };
		F89441DC1A80772C00C8080B /* SocialPeopleTests.m */ = {isa = PBXFileReference; lastKnownFileType = sourcecode.c.objc; path = SocialPeopleTests.m; sourceTree = "<group>"; };
/* End PBXFileReference section */

/* Begin PBXFrameworksBuildPhase section */
		F89441BA1A80772C00C8080B /* Frameworks */ = {
			isa = PBXFrameworksBuildPhase;
			buildActionMask = 2147483647;
			files = (
			);
			runOnlyForDeploymentPostprocessing = 0;
		};
		F89441D31A80772C00C8080B /* Frameworks */ = {
			isa = PBXFrameworksBuildPhase;
			buildActionMask = 2147483647;
			files = (
			);
			runOnlyForDeploymentPostprocessing = 0;
		};
/* End PBXFrameworksBuildPhase section */

/* Begin PBXGroup section */
		F89441B41A80772C00C8080B = {
			isa = PBXGroup;
			children = (
				F89441BF1A80772C00C8080B /* SocialPeople */,
				F89441D91A80772C00C8080B /* SocialPeopleTests */,
				F89441BE1A80772C00C8080B /* Products */,
			);
			sourceTree = "<group>";
		};
		F89441BE1A80772C00C8080B /* Products */ = {
			isa = PBXGroup;
			children = (
				F89441BD1A80772C00C8080B /* SocialPeople.app */,
				F89441D61A80772C00C8080B /* SocialPeopleTests.xctest */,
			);
			name = Products;
			sourceTree = "<group>";
		};
		F89441BF1A80772C00C8080B /* SocialPeople */ = {
			isa = PBXGroup;
			children = (
				F89441C41A80772C00C8080B /* AppDelegate.h */,
				F89441C51A80772C00C8080B /* AppDelegate.m */,
				F89441C71A80772C00C8080B /* ViewController.h */,
				F89441C81A80772C00C8080B /* ViewController.m */,
				F89441CA1A80772C00C8080B /* Main.storyboard */,
				F89441CD1A80772C00C8080B /* Images.xcassets */,
				F89441CF1A80772C00C8080B /* LaunchScreen.xib */,
				F89441C01A80772C00C8080B /* Supporting Files */,
			);
			path = SocialPeople;
			sourceTree = "<group>";
		};
		F89441C01A80772C00C8080B /* Supporting Files */ = {
			isa = PBXGroup;
			children = (
				F89441C11A80772C00C8080B /* Info.plist */,
				F89441C21A80772C00C8080B /* main.m */,
			);
			name = "Supporting Files";
			sourceTree = "<group>";
		};
		F89441D91A80772C00C8080B /* SocialPeopleTests */ = {
			isa = PBXGroup;
			children = (
				F89441DC1A80772C00C8080B /* SocialPeopleTests.m */,
				F89441DA1A80772C00C8080B /* Supporting Files */,
			);
			path = SocialPeopleTests;
			sourceTree = "<group>";
		};
		F89441DA1A80772C00C8080B /* Supporting Files */ = {
			isa = PBXGroup;
			children = (
				F89441DB1A80772C00C8080B /* Info.plist */,
			);
			name = "Supporting Files";
			sourceTree = "<group>";
		};
/* End PBXGroup section */

/* Begin PBXNativeTarget section */
		F89441BC1A80772C00C8080B /* SocialPeople */ = {
			isa = PBXNativeTarget;
			buildConfigurationList = F89441E01A80772C00C8080B /* Build configuration list for PBXNativeTarget "SocialPeople" */;
			buildPhases = (
				F89441B91A80772C00C8080B /* Sources */,
				F89441BA1A80772C00C8080B /* Frameworks */,
				F89441BB1A80772C00C8080B /* Resources */,
			);
			buildRules = (
			);
			dependencies = (
			);
			name = SocialPeople;
			productName = SocialPeople;
			productReference = F89441BD1A80772C00C8080B /* SocialPeople.app */;
			productType = "com.apple.product-type.application";
		};
		F89441D51A80772C00C8080B /* SocialPeopleTests */ = {
			isa = PBXNativeTarget;
			buildConfigurationList = F89441E31A80772C00C8080B /* Build configuration list for PBXNativeTarget "SocialPeopleTests" */;
			buildPhases = (
				F89441D21A80772C00C8080B /* Sources */,
				F89441D31A80772C00C8080B /* Frameworks */,
				F89441D41A80772C00C8080B /* Resources */,
			);
			buildRules = (
			);
			dependencies = (
				F89441D81A80772C00C8080B /* PBXTargetDependency */,
			);
			name = SocialPeopleTests;
			productName = SocialPeopleTests;
			productReference = F89441D61A80772C00C8080B /* SocialPeopleTests.xctest */;
			productType = "com.apple.product-type.bundle.unit-test";
		};
/* End PBXNativeTarget section */

/* Begin PBXProject section */
		F89441B51A80772C00C8080B /* Project object */ = {
			isa = PBXProject;
			attributes = {
				LastUpgradeCheck = 0610;
				ORGANIZATIONNAME = ConstruApps;
				TargetAttributes = {
					F89441BC1A80772C00C8080B = {
						CreatedOnToolsVersion = 6.1.1;
					};
					F89441D51A80772C00C8080B = {
						CreatedOnToolsVersion = 6.1.1;
						TestTargetID = F89441BC1A80772C00C8080B;
					};
				};
			};
			buildConfigurationList = F89441B81A80772C00C8080B /* Build configuration list for PBXProject "SocialPeople" */;
			compatibilityVersion = "Xcode 3.2";
			developmentRegion = English;
			hasScannedForEncodings = 0;
			knownRegions = (
				en,
				Base,
			);
			mainGroup = F89441B41A80772C00C8080B;
			productRefGroup = F89441BE1A80772C00C8080B /* Products */;
			projectDirPath = "";
			projectRoot = "";
			targets = (
				F89441BC1A80772C00C8080B /* SocialPeople */,
				F89441D51A80772C00C8080B /* SocialPeopleTests */,
			);
		};
/* End PBXProject section */

/* Begin PBXResourcesBuildPhase section */
		F89441BB1A80772C00C8080B /* Resources */ = {
			isa = PBXResourcesBuildPhase;
			buildActionMask = 2147483647;
			files = (
				F89441CC1A80772C00C8080B /* Main.storyboard in Resources */,
				F89441D11A80772C00C8080B /* LaunchScreen.xib in Resources */,
				F89441CE1A80772C00C8080B /* Images.xcassets in Resources */,
			);
			runOnlyForDeploymentPostprocessing = 0;
		};
		F89441D41A80772C00C8080B /* Resources */ = {
			isa = PBXResourcesBuildPhase;
			buildActionMask = 2147483647;
			files = (
			);
			runOnlyForDeploymentPostprocessing = 0;
		};
/* End PBXResourcesBuildPhase section */

/* Begin PBXSourcesBuildPhase section */
		F89441B91A80772C00C8080B /* Sources */ = {
			isa = PBXSourcesBuildPhase;
			buildActionMask = 2147483647;
			files = (
				F89441C91A80772C00C8080B /* ViewController.m in Sources */,
				F89441C61A80772C00C8080B /* AppDelegate.m in Sources */,
				F89441C31A80772C00C8080B /* main.m in Sources */,
			);
			runOnlyForDeploymentPostprocessing = 0;
		};
		F89441D21A80772C00C8080B /* Sources */ = {
			isa = PBXSourcesBuildPhase;
			buildActionMask = 2147483647;
			files = (
				F89441DD1A80772C00C8080B /* SocialPeopleTests.m in Sources */,
			);
			runOnlyForDeploymentPostprocessing = 0;
		};
/* End PBXSourcesBuildPhase section */

/* Begin PBXTargetDependency section */
		F89441D81A80772C00C8080B /* PBXTargetDependency */ = {
			isa = PBXTargetDependency;
			target = F89441BC1A80772C00C8080B /* SocialPeople */;
			targetProxy = F89441D71A80772C00C8080B /* PBXContainerItemProxy */;
		};
/* End PBXTargetDependency section */

/* Begin PBXVariantGroup section */
		F89441CA1A80772C00C8080B /* Main.storyboard */ = {
			isa = PBXVariantGroup;
			children = (
				F89441CB1A80772C00C8080B /* Base */,
			);
			name = Main.storyboard;
			sourceTree = "<group>";
		};
		F89441CF1A80772C00C8080B /* LaunchScreen.xib */ = {
			isa = PBXVariantGroup;
			children = (
				F89441D01A80772C00C8080B /* Base */,
			);
			name = LaunchScreen.xib;
			sourceTree = "<group>";
		};
/* End PBXVariantGroup section */

/* Begin XCBuildConfiguration section */
		F89441DE1A80772C00C8080B /* Debug */ = {
			isa = XCBuildConfiguration;
			buildSettings = {
				ALWAYS_SEARCH_USER_PATHS = NO;
				CLANG_CXX_LANGUAGE_STANDARD = "gnu++0x";
				CLANG_CXX_LIBRARY = "libc++";
				CLANG_ENABLE_MODULES = YES;
				CLANG_ENABLE_OBJC_ARC = YES;
				CLANG_WARN_BOOL_CONVERSION = YES;
				CLANG_WARN_CONSTANT_CONVERSION = YES;
				CLANG_WARN_DIRECT_OBJC_ISA_USAGE = YES_ERROR;
				CLANG_WARN_EMPTY_BODY = YES;
				CLANG_WARN_ENUM_CONVERSION = YES;
				CLANG_WARN_INT_CONVERSION = YES;
				CLANG_WARN_OBJC_ROOT_CLASS = YES_ERROR;
				CLANG_WARN_UNREACHABLE_CODE = YES;
				CLANG_WARN__DUPLICATE_METHOD_MATCH = YES;
				"CODE_SIGN_IDENTITY[sdk=iphoneos*]" = "iPhone Developer";
				COPY_PHASE_STRIP = NO;
				ENABLE_STRICT_OBJC_MSGSEND = YES;
				GCC_C_LANGUAGE_STANDARD = gnu99;
				GCC_DYNAMIC_NO_PIC = NO;
				GCC_OPTIMIZATION_LEVEL = 0;
				GCC_PREPROCESSOR_DEFINITIONS = (
					"DEBUG=1",
					"$(inherited)",
				);
				GCC_SYMBOLS_PRIVATE_EXTERN = NO;
				GCC_WARN_64_TO_32_BIT_CONVERSION = YES;
				GCC_WARN_ABOUT_RETURN_TYPE = YES_ERROR;
				GCC_WARN_UNDECLARED_SELECTOR = YES;
				GCC_WARN_UNINITIALIZED_AUTOS = YES_AGGRESSIVE;
				GCC_WARN_UNUSED_FUNCTION = YES;
				GCC_WARN_UNUSED_VARIABLE = YES;
				IPHONEOS_DEPLOYMENT_TARGET = 8.1;
				MTL_ENABLE_DEBUG_INFO = YES;
				ONLY_ACTIVE_ARCH = YES;
				SDKROOT = iphoneos;
			};
			name = Debug;
		};
		F89441DF1A80772C00C8080B /* Release */ = {
			isa = XCBuildConfiguration;
			buildSettings = {
				ALWAYS_SEARCH_USER_PATHS = NO;
				CLANG_CXX_LANGUAGE_STANDARD = "gnu++0x";
				CLANG_CXX_LIBRARY = "libc++";
				CLANG_ENABLE_MODULES = YES;
				CLANG_ENABLE_OBJC_ARC = YES;
				CLANG_WARN_BOOL_CONVERSION = YES;
				CLANG_WARN_CONSTANT_CONVERSION = YES;
				CLANG_WARN_DIRECT_OBJC_ISA_USAGE = YES_ERROR;
				CLANG_WARN_EMPTY_BODY = YES;
				CLANG_WARN_ENUM_CONVERSION = YES;
				CLANG_WARN_INT_CONVERSION = YES;
				CLANG_WARN_OBJC_ROOT_CLASS = YES_ERROR;
				CLANG_WARN_UNREACHABLE_CODE = YES;
				CLANG_WARN__DUPLICATE_METHOD_MATCH = YES;
				"CODE_SIGN_IDENTITY[sdk=iphoneos*]" = "iPhone Developer";
				COPY_PHASE_STRIP = YES;
				ENABLE_NS_ASSERTIONS = NO;
				ENABLE_STRICT_OBJC_MSGSEND = YES;
				GCC_C_LANGUAGE_STANDARD = gnu99;
				GCC_WARN_64_TO_32_BIT_CONVERSION = YES;
				GCC_WARN_ABOUT_RETURN_TYPE = YES_ERROR;
				GCC_WARN_UNDECLARED_SELECTOR = YES;
				GCC_WARN_UNINITIALIZED_AUTOS = YES_AGGRESSIVE;
				GCC_WARN_UNUSED_FUNCTION = YES;
				GCC_WARN_UNUSED_VARIABLE = YES;
				IPHONEOS_DEPLOYMENT_TARGET = 8.1;
				MTL_ENABLE_DEBUG_INFO = NO;
				SDKROOT = iphoneos;
				VALIDATE_PRODUCT = YES;
			};
			name = Release;
		};
		F89441E11A80772C00C8080B /* Debug */ = {
			isa = XCBuildConfiguration;
			buildSettings = {
				ASSETCATALOG_COMPILER_APPICON_NAME = AppIcon;
				INFOPLIST_FILE = SocialPeople/Info.plist;
				LD_RUNPATH_SEARCH_PATHS = "$(inherited) @executable_path/Frameworks";
				PRODUCT_NAME = "$(TARGET_NAME)";
			};
			name = Debug;
		};
		F89441E21A80772C00C8080B /* Release */ = {
			isa = XCBuildConfiguration;
			buildSettings = {
				ASSETCATALOG_COMPILER_APPICON_NAME = AppIcon;
				INFOPLIST_FILE = SocialPeople/Info.plist;
				LD_RUNPATH_SEARCH_PATHS = "$(inherited) @executable_path/Frameworks";
				PRODUCT_NAME = "$(TARGET_NAME)";
			};
			name = Release;
		};
		F89441E41A80772C00C8080B /* Debug */ = {
			isa = XCBuildConfiguration;
			buildSettings = {
				BUNDLE_LOADER = "$(TEST_HOST)";
				FRAMEWORK_SEARCH_PATHS = (
					"$(SDKROOT)/Developer/Library/Frameworks",
					"$(inherited)",
				);
				GCC_PREPROCESSOR_DEFINITIONS = (
					"DEBUG=1",
					"$(inherited)",
				);
				INFOPLIST_FILE = SocialPeopleTests/Info.plist;
				LD_RUNPATH_SEARCH_PATHS = "$(inherited) @executable_path/Frameworks @loader_path/Frameworks";
				PRODUCT_NAME = "$(TARGET_NAME)";
				TEST_HOST = "$(BUILT_PRODUCTS_DIR)/SocialPeople.app/SocialPeople";
			};
			name = Debug;
		};
		F89441E51A80772C00C8080B /* Release */ = {
			isa = XCBuildConfiguration;
			buildSettings = {
				BUNDLE_LOADER = "$(TEST_HOST)";
				FRAMEWORK_SEARCH_PATHS = (
					"$(SDKROOT)/Developer/Library/Frameworks",
					"$(inherited)",
				);
				INFOPLIST_FILE = SocialPeopleTests/Info.plist;
				LD_RUNPATH_SEARCH_PATHS = "$(inherited) @executable_path/Frameworks @loader_path/Frameworks";
				PRODUCT_NAME = "$(TARGET_NAME)";
				TEST_HOST = "$(BUILT_PRODUCTS_DIR)/SocialPeople.app/SocialPeople";
			};
			name = Release;
		};
/* End XCBuildConfiguration section */

/* Begin XCConfigurationList section */
		F89441B81A80772C00C8080B /* Build configuration list for PBXProject "SocialPeople" */ = {
			isa = XCConfigurationList;
			buildConfigurations = (
				F89441DE1A80772C00C8080B /* Debug */,
				F89441DF1A80772C00C8080B /* Release */,
			);
			defaultConfigurationIsVisible = 0;
			defaultConfigurationName = Release;
		};
		F89441E01A80772C00C8080B /* Build configuration list for PBXNativeTarget "SocialPeople" */ = {
			isa = XCConfigurationList;
			buildConfigurations = (
				F89441E11A80772C00C8080B /* Debug */,
				F89441E21A80772C00C8080B /* Release */,
			);
			defaultConfigurationIsVisible = 0;
		};
		F89441E31A80772C00C8080B /* Build configuration list for PBXNativeTarget "SocialPeopleTests" */ = {
			isa = XCConfigurationList;
			buildConfigurations = (
				F89441E41A80772C00C8080B /* Debug */,
				F89441E51A80772C00C8080B /* Release */,
			);
			defaultConfigurationIsVisible = 0;
		};
/* End XCConfigurationList section */
	};
	rootObject = F89441B51A80772C00C8080B /* Project object */;
}
